
Microsoft Visual Studio Solution File, Format Version 12.00
# Visual Studio Version 17
VisualStudioVersion = 17.8.34511.84
MinimumVisualStudioVersion = 10.0.40219.1
Project("{FAE04EC0-301F-11D3-BF4B-00C04F79EFBC}") = "EmployeePortal", "EmployeePortal.csproj", "{B1E8983E-BC2E-4925-BB0A-E39192DB63A3}"
EndProject
Project("{FAE04EC0-301F-11D3-BF4B-00C04F79EFBC}") = "EmployeePortal.Data", "..\EmployeePortal.Data\EmployeePortal.Data.csproj", "{925A6E5E-FF3A-4E4E-9994-C0EBFCEF4AAB}"
EndProject
Global
	GlobalSection(SolutionConfigurationPlatforms) = preSolution
		Debug|Any CPU = Debug|Any CPU
		Release|Any CPU = Release|Any CPU
	EndGlobalSection
	GlobalSection(ProjectConfigurationPlatforms) = postSolution
		{B1E8983E-BC2E-4925-BB0A-E39192DB63A3}.Debug|Any CPU.ActiveCfg = Debug|Any CPU
		{B1E8983E-BC2E-4925-BB0A-E39192DB63A3}.Debug|Any CPU.Build.0 = Debug|Any CPU
		{B1E8983E-BC2E-4925-BB0A-E39192DB63A3}.Release|Any CPU.ActiveCfg = Release|Any CPU
		{B1E8983E-BC2E-4925-BB0A-E39192DB63A3}.Release|Any CPU.Build.0 = Release|Any CPU
		{925A6E5E-FF3A-4E4E-9994-C0EBFCEF4AAB}.Debug|Any CPU.ActiveCfg = Debug|Any CPU
		{925A6E5E-FF3A-4E4E-9994-C0EBFCEF4AAB}.Debug|Any CPU.Build.0 = Debug|Any CPU
		{925A6E5E-FF3A-4E4E-9994-C0EBFCEF4AAB}.Release|Any CPU.ActiveCfg = Release|Any CPU
		{925A6E5E-FF3A-4E4E-9994-C0EBFCEF4AAB}.Release|Any CPU.Build.0 = Release|Any CPU
	EndGlobalSection
	GlobalSection(SolutionProperties) = preSolution
		HideSolutionNode = FALSE
	EndGlobalSection
	GlobalSection(ExtensibilityGlobals) = postSolution
		SolutionGuid = {344D89F4-7AF5-47D2-AFF6-23B51D216DE9}
	EndGlobalSection
EndGlobal
